
Microsoft Visual Studio Solution File, Format Version 12.00
# Visual Studio Version 17
VisualStudioVersion = 17.1.32328.378
MinimumVisualStudioVersion = 10.0.40219.1
Project("{9A19103F-16F7-4668-BE54-9A1E7A4F7556}") = "MarketProject", "MarketProject.csproj", "{2EEED33D-7BB0-4479-8200-632C6F75EE58}"
EndProject
Project("{2150E333-8FDC-42A3-9474-1A3956D46DE8}") = "Solution Items", "Solution Items", "{CD25EA1E-9D53-4D10-BEBA-DB8890E23880}"
	ProjectSection(SolutionItems) = preProject
		.editorconfig = .editorconfig
	EndProjectSection
EndProject
Project("{9A19103F-16F7-4668-BE54-9A1E7A4F7556}") = "MarketProjectTests", "..\MarketProjectTests\MarketProjectTests.csproj", "{C7E006E2-1A6F-4556-9457-AFCA583486C1}"
EndProject
Project("{FAE04EC0-301F-11D3-BF4B-00C04F79EFBC}") = "MarketTesting", "..\MarketTesting\MarketTesting.csproj", "{B47A3B81-B7E5-4512-A27D-95F36B62EE68}"
EndProject
Global
	GlobalSection(SolutionConfigurationPlatforms) = preSolution
		Debug|Any CPU = Debug|Any CPU
		Release|Any CPU = Release|Any CPU
	EndGlobalSection
	GlobalSection(ProjectConfigurationPlatforms) = postSolution
		{2EEED33D-7BB0-4479-8200-632C6F75EE58}.Debug|Any CPU.ActiveCfg = Debug|Any CPU
		{2EEED33D-7BB0-4479-8200-632C6F75EE58}.Debug|Any CPU.Build.0 = Debug|Any CPU
		{2EEED33D-7BB0-4479-8200-632C6F75EE58}.Release|Any CPU.ActiveCfg = Release|Any CPU
		{2EEED33D-7BB0-4479-8200-632C6F75EE58}.Release|Any CPU.Build.0 = Release|Any CPU
		{C7E006E2-1A6F-4556-9457-AFCA583486C1}.Debug|Any CPU.ActiveCfg = Debug|Any CPU
		{C7E006E2-1A6F-4556-9457-AFCA583486C1}.Debug|Any CPU.Build.0 = Debug|Any CPU
		{C7E006E2-1A6F-4556-9457-AFCA583486C1}.Release|Any CPU.ActiveCfg = Release|Any CPU
		{C7E006E2-1A6F-4556-9457-AFCA583486C1}.Release|Any CPU.Build.0 = Release|Any CPU
		{B47A3B81-B7E5-4512-A27D-95F36B62EE68}.Debug|Any CPU.ActiveCfg = Debug|Any CPU
		{B47A3B81-B7E5-4512-A27D-95F36B62EE68}.Debug|Any CPU.Build.0 = Debug|Any CPU
		{B47A3B81-B7E5-4512-A27D-95F36B62EE68}.Release|Any CPU.ActiveCfg = Release|Any CPU
		{B47A3B81-B7E5-4512-A27D-95F36B62EE68}.Release|Any CPU.Build.0 = Release|Any CPU
	EndGlobalSection
	GlobalSection(SolutionProperties) = preSolution
		HideSolutionNode = FALSE
	EndGlobalSection
	GlobalSection(ExtensibilityGlobals) = postSolution
		SolutionGuid = {EE631110-A553-4ACD-BEE2-CB993069FBB5}
	EndGlobalSection
EndGlobal
